
Microsoft Visual Studio Solution File, Format Version 12.00
# Visual Studio 2013
VisualStudioVersion = 12.0.21005.1
MinimumVisualStudioVersion = 10.0.40219.1
Project("{FAE04EC0-301F-11D3-BF4B-00C04F79EFBC}") = "percobaan", "percobaan\percobaan.csproj", "{4B07C815-3179-4231-BDD5-C8483487BD16}"
EndProject
Project("{FAE04EC0-301F-11D3-BF4B-00C04F79EFBC}") = "dataaccess", "dataaccess\dataaccess.csproj", "{7593B98F-A07F-4C4E-A80D-B53B16F95393}"
EndProject
Project("{FAE04EC0-301F-11D3-BF4B-00C04F79EFBC}") = "bussinesslogic", "bussinesslogic\bussinesslogic.csproj", "{1317CBB7-213B-4662-A0EF-7EC183672FC3}"
EndProject
Global
	GlobalSection(SolutionConfigurationPlatforms) = preSolution
		Debug|Any CPU = Debug|Any CPU
		Release|Any CPU = Release|Any CPU
	EndGlobalSection
	GlobalSection(ProjectConfigurationPlatforms) = postSolution
		{4B07C815-3179-4231-BDD5-C8483487BD16}.Debug|Any CPU.ActiveCfg = Debug|Any CPU
		{4B07C815-3179-4231-BDD5-C8483487BD16}.Debug|Any CPU.Build.0 = Debug|Any CPU
		{4B07C815-3179-4231-BDD5-C8483487BD16}.Release|Any CPU.ActiveCfg = Release|Any CPU
		{4B07C815-3179-4231-BDD5-C8483487BD16}.Release|Any CPU.Build.0 = Release|Any CPU
		{7593B98F-A07F-4C4E-A80D-B53B16F95393}.Debug|Any CPU.ActiveCfg = Debug|Any CPU
		{7593B98F-A07F-4C4E-A80D-B53B16F95393}.Debug|Any CPU.Build.0 = Debug|Any CPU
		{7593B98F-A07F-4C4E-A80D-B53B16F95393}.Release|Any CPU.ActiveCfg = Release|Any CPU
		{7593B98F-A07F-4C4E-A80D-B53B16F95393}.Release|Any CPU.Build.0 = Release|Any CPU
		{1317CBB7-213B-4662-A0EF-7EC183672FC3}.Debug|Any CPU.ActiveCfg = Debug|Any CPU
		{1317CBB7-213B-4662-A0EF-7EC183672FC3}.Debug|Any CPU.Build.0 = Debug|Any CPU
		{1317CBB7-213B-4662-A0EF-7EC183672FC3}.Release|Any CPU.ActiveCfg = Release|Any CPU
		{1317CBB7-213B-4662-A0EF-7EC183672FC3}.Release|Any CPU.Build.0 = Release|Any CPU
	EndGlobalSection
	GlobalSection(SolutionProperties) = preSolution
		HideSolutionNode = FALSE
	EndGlobalSection
EndGlobal
